// !$*UTF8*$!
{
	archiveVersion = 1;
	classes = {
	};
	objectVersion = 56;
	objects = {

/* Begin PBXBuildFile section */
		BF5568C32D35191D00DFA472 /* AppDelegate.swift in Sources */ = {isa = PBXBuildFile; fileRef = BF5568C22D35191D00DFA472 /* AppDelegate.swift */; };
		BF5568C52D35191D00DFA472 /* SceneDelegate.swift in Sources */ = {isa = PBXBuildFile; fileRef = BF5568C42D35191D00DFA472 /* SceneDelegate.swift */; };
		BF5568C72D35191D00DFA472 /* ViewController.swift in Sources */ = {isa = PBXBuildFile; fileRef = BF5568C62D35191D00DFA472 /* ViewController.swift */; };
		BF5568CC2D35191E00DFA472 /* Assets.xcassets in Resources */ = {isa = PBXBuildFile; fileRef = BF5568CB2D35191E00DFA472 /* Assets.xcassets */; };
		BF5568CF2D35191E00DFA472 /* Base in Resources */ = {isa = PBXBuildFile; fileRef = BF5568CE2D35191E00DFA472 /* Base */; };
		BF5568D72D37E13D00DFA472 /* FeedViewController.swift in Sources */ = {isa = PBXBuildFile; fileRef = BF5568D62D37E13D00DFA472 /* FeedViewController.swift */; };
		BF5568D92D37E47700DFA472 /* PostViewController.swift in Sources */ = {isa = PBXBuildFile; fileRef = BF5568D82D37E47700DFA472 /* PostViewController.swift */; };
		BF5568DB2D37EA9C00DFA472 /* InfoViewController.swift in Sources */ = {isa = PBXBuildFile; fileRef = BF5568DA2D37EA9C00DFA472 /* InfoViewController.swift */; };
		BF9214332D3FB301006AF6E0 /* ProfileHeaderView.swift in Sources */ = {isa = PBXBuildFile; fileRef = BF9214322D3FB301006AF6E0 /* ProfileHeaderView.swift */; };
		BF9214352D3FB326006AF6E0 /* ProfileViewController.swift in Sources */ = {isa = PBXBuildFile; fileRef = BF9214342D3FB326006AF6E0 /* ProfileViewController.swift */; };
		BF9214392D50F940006AF6E0 /* LogInViewController.swift in Sources */ = {isa = PBXBuildFile; fileRef = BF9214382D50F940006AF6E0 /* LogInViewController.swift */; };
		BFA126282D65D1FE00727D88 /* CustomTableViewCell.swift in Sources */ = {isa = PBXBuildFile; fileRef = BFA126272D65D1FE00727D88 /* CustomTableViewCell.swift */; };
		BFA356BB2D70719600E58C7A /* StorageService.h in Headers */ = {isa = PBXBuildFile; fileRef = BFA356BA2D70719600E58C7A /* StorageService.h */; settings = {ATTRIBUTES = (Public, ); }; };
		BFA356BF2D7072A800E58C7A /* PostStruct.swift in Sources */ = {isa = PBXBuildFile; fileRef = BFA126242D64B79700727D88 /* PostStruct.swift */; };
		BFA356C12D7075BD00E58C7A /* StorageService.framework in Frameworks */ = {isa = PBXBuildFile; fileRef = BFA356B82D70719600E58C7A /* StorageService.framework */; };
		BFA356C22D7075BD00E58C7A /* StorageService.framework in Embed Frameworks */ = {isa = PBXBuildFile; fileRef = BFA356B82D70719600E58C7A /* StorageService.framework */; settings = {ATTRIBUTES = (CodeSignOnCopy, RemoveHeadersOnCopy, ); }; };
/* End PBXBuildFile section */

/* Begin PBXContainerItemProxy section */
		BFA356C32D7075BD00E58C7A /* PBXContainerItemProxy */ = {
			isa = PBXContainerItemProxy;
			containerPortal = BF5568B72D35191D00DFA472 /* Project object */;
			proxyType = 1;
			remoteGlobalIDString = BFA356B72D70719600E58C7A;
			remoteInfo = StorageService;
		};
/* End PBXContainerItemProxy section */

/* Begin PBXCopyFilesBuildPhase section */
		BFA3567C2D7070D400E58C7A /* Embed Frameworks */ = {
			isa = PBXCopyFilesBuildPhase;
			buildActionMask = 2147483647;
			dstPath = "";
			dstSubfolderSpec = 10;
			files = (
				BFA356C22D7075BD00E58C7A /* StorageService.framework in Embed Frameworks */,
			);
			name = "Embed Frameworks";
			runOnlyForDeploymentPostprocessing = 0;
		};
/* End PBXCopyFilesBuildPhase section */

/* Begin PBXFileReference section */
		BF5568BF2D35191D00DFA472 /* Navigation.app */ = {isa = PBXFileReference; explicitFileType = wrapper.application; includeInIndex = 0; path = Navigation.app; sourceTree = BUILT_PRODUCTS_DIR; };
		BF5568C22D35191D00DFA472 /* AppDelegate.swift */ = {isa = PBXFileReference; lastKnownFileType = sourcecode.swift; path = AppDelegate.swift; sourceTree = "<group>"; };
		BF5568C42D35191D00DFA472 /* SceneDelegate.swift */ = {isa = PBXFileReference; lastKnownFileType = sourcecode.swift; path = SceneDelegate.swift; sourceTree = "<group>"; };
		BF5568C62D35191D00DFA472 /* ViewController.swift */ = {isa = PBXFileReference; lastKnownFileType = sourcecode.swift; path = ViewController.swift; sourceTree = "<group>"; };
		BF5568CB2D35191E00DFA472 /* Assets.xcassets */ = {isa = PBXFileReference; lastKnownFileType = folder.assetcatalog; path = Assets.xcassets; sourceTree = "<group>"; };
		BF5568CE2D35191E00DFA472 /* Base */ = {isa = PBXFileReference; lastKnownFileType = file.storyboard; name = Base; path = Base.lproj/LaunchScreen.storyboard; sourceTree = "<group>"; };
		BF5568D02D35191E00DFA472 /* Info.plist */ = {isa = PBXFileReference; lastKnownFileType = text.plist.xml; path = Info.plist; sourceTree = "<group>"; };
		BF5568D62D37E13D00DFA472 /* FeedViewController.swift */ = {isa = PBXFileReference; lastKnownFileType = sourcecode.swift; path = FeedViewController.swift; sourceTree = "<group>"; };
		BF5568D82D37E47700DFA472 /* PostViewController.swift */ = {isa = PBXFileReference; lastKnownFileType = sourcecode.swift; path = PostViewController.swift; sourceTree = "<group>"; };
		BF5568DA2D37EA9C00DFA472 /* InfoViewController.swift */ = {isa = PBXFileReference; lastKnownFileType = sourcecode.swift; path = InfoViewController.swift; sourceTree = "<group>"; };
		BF9214322D3FB301006AF6E0 /* ProfileHeaderView.swift */ = {isa = PBXFileReference; lastKnownFileType = sourcecode.swift; path = ProfileHeaderView.swift; sourceTree = "<group>"; };
		BF9214342D3FB326006AF6E0 /* ProfileViewController.swift */ = {isa = PBXFileReference; lastKnownFileType = sourcecode.swift; path = ProfileViewController.swift; sourceTree = "<group>"; };
		BF9214382D50F940006AF6E0 /* LogInViewController.swift */ = {isa = PBXFileReference; lastKnownFileType = sourcecode.swift; path = LogInViewController.swift; sourceTree = "<group>"; };
		BFA126242D64B79700727D88 /* PostStruct.swift */ = {isa = PBXFileReference; lastKnownFileType = sourcecode.swift; path = PostStruct.swift; sourceTree = "<group>"; };
		BFA126272D65D1FE00727D88 /* CustomTableViewCell.swift */ = {isa = PBXFileReference; lastKnownFileType = sourcecode.swift; path = CustomTableViewCell.swift; sourceTree = "<group>"; };
		BFA356B82D70719600E58C7A /* StorageService.framework */ = {isa = PBXFileReference; explicitFileType = wrapper.framework; includeInIndex = 0; path = StorageService.framework; sourceTree = BUILT_PRODUCTS_DIR; };
		BFA356BA2D70719600E58C7A /* StorageService.h */ = {isa = PBXFileReference; lastKnownFileType = sourcecode.c.h; path = StorageService.h; sourceTree = "<group>"; };
/* End PBXFileReference section */

/* Begin PBXFrameworksBuildPhase section */
		BF5568BC2D35191D00DFA472 /* Frameworks */ = {
			isa = PBXFrameworksBuildPhase;
			buildActionMask = 2147483647;
			files = (
				BFA356C12D7075BD00E58C7A /* StorageService.framework in Frameworks */,
			);
			runOnlyForDeploymentPostprocessing = 0;
		};
		BFA356B52D70719600E58C7A /* Frameworks */ = {
			isa = PBXFrameworksBuildPhase;
			buildActionMask = 2147483647;
			files = (
			);
			runOnlyForDeploymentPostprocessing = 0;
		};
/* End PBXFrameworksBuildPhase section */

/* Begin PBXGroup section */
		BF5568B62D35191D00DFA472 = {
			isa = PBXGroup;
			children = (
				BF5568C12D35191D00DFA472 /* Navigation */,
				BFA356B92D70719600E58C7A /* StorageService */,
				BF5568C02D35191D00DFA472 /* Products */,
				BFA356C02D7075BD00E58C7A /* Frameworks */,
			);
			sourceTree = "<group>";
		};
		BF5568C02D35191D00DFA472 /* Products */ = {
			isa = PBXGroup;
			children = (
				BF5568BF2D35191D00DFA472 /* Navigation.app */,
				BFA356B82D70719600E58C7A /* StorageService.framework */,
			);
			name = Products;
			sourceTree = "<group>";
		};
		BF5568C12D35191D00DFA472 /* Navigation */ = {
			isa = PBXGroup;
			children = (
				BF5568C22D35191D00DFA472 /* AppDelegate.swift */,
				BF5568C42D35191D00DFA472 /* SceneDelegate.swift */,
				BF5568C62D35191D00DFA472 /* ViewController.swift */,
				BF5568CB2D35191E00DFA472 /* Assets.xcassets */,
				BF5568CD2D35191E00DFA472 /* LaunchScreen.storyboard */,
				BF5568D02D35191E00DFA472 /* Info.plist */,
				BF5568D62D37E13D00DFA472 /* FeedViewController.swift */,
				BF5568D82D37E47700DFA472 /* PostViewController.swift */,
				BF5568DA2D37EA9C00DFA472 /* InfoViewController.swift */,
				BF9214312D3FB2A4006AF6E0 /* Profile */,
				BFA126262D65D17100727D88 /* TableViewProfile */,
			);
			path = Navigation;
			sourceTree = "<group>";
		};
		BF9214312D3FB2A4006AF6E0 /* Profile */ = {
			isa = PBXGroup;
			children = (
				BF9214322D3FB301006AF6E0 /* ProfileHeaderView.swift */,
				BF9214342D3FB326006AF6E0 /* ProfileViewController.swift */,
				BF9214382D50F940006AF6E0 /* LogInViewController.swift */,
			);
			path = Profile;
			sourceTree = "<group>";
		};
		BFA126262D65D17100727D88 /* TableViewProfile */ = {
			isa = PBXGroup;
			children = (
				BFA126272D65D1FE00727D88 /* CustomTableViewCell.swift */,
			);
			path = TableViewProfile;
			sourceTree = "<group>";
		};
		BFA356B92D70719600E58C7A /* StorageService */ = {
			isa = PBXGroup;
			children = (
				BFA356BA2D70719600E58C7A /* StorageService.h */,
				BFA126242D64B79700727D88 /* PostStruct.swift */,
			);
			path = StorageService;
			sourceTree = "<group>";
		};
		BFA356C02D7075BD00E58C7A /* Frameworks */ = {
			isa = PBXGroup;
			children = (
			);
			name = Frameworks;
			sourceTree = "<group>";
		};
/* End PBXGroup section */

/* Begin PBXHeadersBuildPhase section */
		BFA356B32D70719600E58C7A /* Headers */ = {
			isa = PBXHeadersBuildPhase;
			buildActionMask = 2147483647;
			files = (
				BFA356BB2D70719600E58C7A /* StorageService.h in Headers */,
			);
			runOnlyForDeploymentPostprocessing = 0;
		};
/* End PBXHeadersBuildPhase section */

/* Begin PBXNativeTarget section */
		BF5568BE2D35191D00DFA472 /* Navigation */ = {
			isa = PBXNativeTarget;
			buildConfigurationList = BF5568D32D35191E00DFA472 /* Build configuration list for PBXNativeTarget "Navigation" */;
			buildPhases = (
				BF5568BB2D35191D00DFA472 /* Sources */,
				BF5568BC2D35191D00DFA472 /* Frameworks */,
				BF5568BD2D35191D00DFA472 /* Resources */,
				BFA3567C2D7070D400E58C7A /* Embed Frameworks */,
			);
			buildRules = (
			);
			dependencies = (
				BFA356C42D7075BD00E58C7A /* PBXTargetDependency */,
			);
			name = Navigation;
			productName = Navigation;
			productReference = BF5568BF2D35191D00DFA472 /* Navigation.app */;
			productType = "com.apple.product-type.application";
		};
		BFA356B72D70719600E58C7A /* StorageService */ = {
			isa = PBXNativeTarget;
			buildConfigurationList = BFA356BC2D70719600E58C7A /* Build configuration list for PBXNativeTarget "StorageService" */;
			buildPhases = (
				BFA356B32D70719600E58C7A /* Headers */,
				BFA356B42D70719600E58C7A /* Sources */,
				BFA356B52D70719600E58C7A /* Frameworks */,
				BFA356B62D70719600E58C7A /* Resources */,
			);
			buildRules = (
			);
			dependencies = (
			);
			name = StorageService;
			productName = StorageService;
			productReference = BFA356B82D70719600E58C7A /* StorageService.framework */;
			productType = "com.apple.product-type.framework";
		};
/* End PBXNativeTarget section */

/* Begin PBXProject section */
		BF5568B72D35191D00DFA472 /* Project object */ = {
			isa = PBXProject;
			attributes = {
				BuildIndependentTargetsInParallel = 1;
				LastSwiftUpdateCheck = 1540;
				LastUpgradeCheck = 1540;
				TargetAttributes = {
					BF5568BE2D35191D00DFA472 = {
						CreatedOnToolsVersion = 15.4;
					};
					BFA356B72D70719600E58C7A = {
						CreatedOnToolsVersion = 15.4;
					};
				};
			};
			buildConfigurationList = BF5568BA2D35191D00DFA472 /* Build configuration list for PBXProject "Navigation" */;
			compatibilityVersion = "Xcode 14.0";
			developmentRegion = en;
			hasScannedForEncodings = 0;
			knownRegions = (
				en,
				Base,
			);
			mainGroup = BF5568B62D35191D00DFA472;
			productRefGroup = BF5568C02D35191D00DFA472 /* Products */;
			projectDirPath = "";
			projectRoot = "";
			targets = (
				BF5568BE2D35191D00DFA472 /* Navigation */,
				BFA356B72D70719600E58C7A /* StorageService */,
			);
		};
/* End PBXProject section */

/* Begin PBXResourcesBuildPhase section */
		BF5568BD2D35191D00DFA472 /* Resources */ = {
			isa = PBXResourcesBuildPhase;
			buildActionMask = 2147483647;
			files = (
				BF5568CC2D35191E00DFA472 /* Assets.xcassets in Resources */,
				BF5568CF2D35191E00DFA472 /* Base in Resources */,
			);
			runOnlyForDeploymentPostprocessing = 0;
		};
		BFA356B62D70719600E58C7A /* Resources */ = {
			isa = PBXResourcesBuildPhase;
			buildActionMask = 2147483647;
			files = (
			);
			runOnlyForDeploymentPostprocessing = 0;
		};
/* End PBXResourcesBuildPhase section */

/* Begin PBXSourcesBuildPhase section */
		BF5568BB2D35191D00DFA472 /* Sources */ = {
			isa = PBXSourcesBuildPhase;
			buildActionMask = 2147483647;
			files = (
				BF5568C72D35191D00DFA472 /* ViewController.swift in Sources */,
				BF5568C32D35191D00DFA472 /* AppDelegate.swift in Sources */,
				BFA126282D65D1FE00727D88 /* CustomTableViewCell.swift in Sources */,
				BF9214392D50F940006AF6E0 /* LogInViewController.swift in Sources */,
				BF5568D72D37E13D00DFA472 /* FeedViewController.swift in Sources */,
				BF5568C52D35191D00DFA472 /* SceneDelegate.swift in Sources */,
				BF9214332D3FB301006AF6E0 /* ProfileHeaderView.swift in Sources */,
				BF5568DB2D37EA9C00DFA472 /* InfoViewController.swift in Sources */,
				BF9214352D3FB326006AF6E0 /* ProfileViewController.swift in Sources */,
				BF5568D92D37E47700DFA472 /* PostViewController.swift in Sources */,
			);
			runOnlyForDeploymentPostprocessing = 0;
		};
		BFA356B42D70719600E58C7A /* Sources */ = {
			isa = PBXSourcesBuildPhase;
			buildActionMask = 2147483647;
			files = (
				BFA356BF2D7072A800E58C7A /* PostStruct.swift in Sources */,
			);
			runOnlyForDeploymentPostprocessing = 0;
		};
/* End PBXSourcesBuildPhase section */

/* Begin PBXTargetDependency section */
		BFA356C42D7075BD00E58C7A /* PBXTargetDependency */ = {
			isa = PBXTargetDependency;
			target = BFA356B72D70719600E58C7A /* StorageService */;
			targetProxy = BFA356C32D7075BD00E58C7A /* PBXContainerItemProxy */;
		};
/* End PBXTargetDependency section */

/* Begin PBXVariantGroup section */
		BF5568CD2D35191E00DFA472 /* LaunchScreen.storyboard */ = {
			isa = PBXVariantGroup;
			children = (
				BF5568CE2D35191E00DFA472 /* Base */,
			);
			name = LaunchScreen.storyboard;
			sourceTree = "<group>";
		};
/* End PBXVariantGroup section */

/* Begin XCBuildConfiguration section */
		BF5568D12D35191E00DFA472 /* Debug */ = {
			isa = XCBuildConfiguration;
			buildSettings = {
				ALWAYS_SEARCH_USER_PATHS = NO;
				ASSETCATALOG_COMPILER_GENERATE_SWIFT_ASSET_SYMBOL_EXTENSIONS = YES;
				CLANG_ANALYZER_NONNULL = YES;
				CLANG_ANALYZER_NUMBER_OBJECT_CONVERSION = YES_AGGRESSIVE;
				CLANG_CXX_LANGUAGE_STANDARD = "gnu++20";
				CLANG_ENABLE_MODULES = YES;
				CLANG_ENABLE_OBJC_ARC = YES;
				CLANG_ENABLE_OBJC_WEAK = YES;
				CLANG_WARN_BLOCK_CAPTURE_AUTORELEASING = YES;
				CLANG_WARN_BOOL_CONVERSION = YES;
				CLANG_WARN_COMMA = YES;
				CLANG_WARN_CONSTANT_CONVERSION = YES;
				CLANG_WARN_DEPRECATED_OBJC_IMPLEMENTATIONS = YES;
				CLANG_WARN_DIRECT_OBJC_ISA_USAGE = YES_ERROR;
				CLANG_WARN_DOCUMENTATION_COMMENTS = YES;
				CLANG_WARN_EMPTY_BODY = YES;
				CLANG_WARN_ENUM_CONVERSION = YES;
				CLANG_WARN_INFINITE_RECURSION = YES;
				CLANG_WARN_INT_CONVERSION = YES;
				CLANG_WARN_NON_LITERAL_NULL_CONVERSION = YES;
				CLANG_WARN_OBJC_IMPLICIT_RETAIN_SELF = YES;
				CLANG_WARN_OBJC_LITERAL_CONVERSION = YES;
				CLANG_WARN_OBJC_ROOT_CLASS = YES_ERROR;
				CLANG_WARN_QUOTED_INCLUDE_IN_FRAMEWORK_HEADER = YES;
				CLANG_WARN_RANGE_LOOP_ANALYSIS = YES;
				CLANG_WARN_STRICT_PROTOTYPES = YES;
				CLANG_WARN_SUSPICIOUS_MOVE = YES;
				CLANG_WARN_UNGUARDED_AVAILABILITY = YES_AGGRESSIVE;
				CLANG_WARN_UNREACHABLE_CODE = YES;
				CLANG_WARN__DUPLICATE_METHOD_MATCH = YES;
				COPY_PHASE_STRIP = NO;
				DEBUG_INFORMATION_FORMAT = dwarf;
				ENABLE_STRICT_OBJC_MSGSEND = YES;
				ENABLE_TESTABILITY = YES;
				ENABLE_USER_SCRIPT_SANDBOXING = YES;
				GCC_C_LANGUAGE_STANDARD = gnu17;
				GCC_DYNAMIC_NO_PIC = NO;
				GCC_NO_COMMON_BLOCKS = YES;
				GCC_OPTIMIZATION_LEVEL = 0;
				GCC_PREPROCESSOR_DEFINITIONS = (
					"DEBUG=1",
					"$(inherited)",
				);
				GCC_WARN_64_TO_32_BIT_CONVERSION = YES;
				GCC_WARN_ABOUT_RETURN_TYPE = YES_ERROR;
				GCC_WARN_UNDECLARED_SELECTOR = YES;
				GCC_WARN_UNINITIALIZED_AUTOS = YES_AGGRESSIVE;
				GCC_WARN_UNUSED_FUNCTION = YES;
				GCC_WARN_UNUSED_VARIABLE = YES;
				IPHONEOS_DEPLOYMENT_TARGET = 17.5;
				LOCALIZATION_PREFERS_STRING_CATALOGS = YES;
				MTL_ENABLE_DEBUG_INFO = INCLUDE_SOURCE;
				MTL_FAST_MATH = YES;
				ONLY_ACTIVE_ARCH = YES;
				SDKROOT = iphoneos;
				SWIFT_ACTIVE_COMPILATION_CONDITIONS = "DEBUG $(inherited)";
				SWIFT_OPTIMIZATION_LEVEL = "-Onone";
			};
			name = Debug;
		};
		BF5568D22D35191E00DFA472 /* Release */ = {
			isa = XCBuildConfiguration;
			buildSettings = {
				ALWAYS_SEARCH_USER_PATHS = NO;
				ASSETCATALOG_COMPILER_GENERATE_SWIFT_ASSET_SYMBOL_EXTENSIONS = YES;
				CLANG_ANALYZER_NONNULL = YES;
				CLANG_ANALYZER_NUMBER_OBJECT_CONVERSION = YES_AGGRESSIVE;
				CLANG_CXX_LANGUAGE_STANDARD = "gnu++20";
				CLANG_ENABLE_MODULES = YES;
				CLANG_ENABLE_OBJC_ARC = YES;
				CLANG_ENABLE_OBJC_WEAK = YES;
				CLANG_WARN_BLOCK_CAPTURE_AUTORELEASING = YES;
				CLANG_WARN_BOOL_CONVERSION = YES;
				CLANG_WARN_COMMA = YES;
				CLANG_WARN_CONSTANT_CONVERSION = YES;
				CLANG_WARN_DEPRECATED_OBJC_IMPLEMENTATIONS = YES;
				CLANG_WARN_DIRECT_OBJC_ISA_USAGE = YES_ERROR;
				CLANG_WARN_DOCUMENTATION_COMMENTS = YES;
				CLANG_WARN_EMPTY_BODY = YES;
				CLANG_WARN_ENUM_CONVERSION = YES;
				CLANG_WARN_INFINITE_RECURSION = YES;
				CLANG_WARN_INT_CONVERSION = YES;
				CLANG_WARN_NON_LITERAL_NULL_CONVERSION = YES;
				CLANG_WARN_OBJC_IMPLICIT_RETAIN_SELF = YES;
				CLANG_WARN_OBJC_LITERAL_CONVERSION = YES;
				CLANG_WARN_OBJC_ROOT_CLASS = YES_ERROR;
				CLANG_WARN_QUOTED_INCLUDE_IN_FRAMEWORK_HEADER = YES;
				CLANG_WARN_RANGE_LOOP_ANALYSIS = YES;
				CLANG_WARN_STRICT_PROTOTYPES = YES;
				CLANG_WARN_SUSPICIOUS_MOVE = YES;
				CLANG_WARN_UNGUARDED_AVAILABILITY = YES_AGGRESSIVE;
				CLANG_WARN_UNREACHABLE_CODE = YES;
				CLANG_WARN__DUPLICATE_METHOD_MATCH = YES;
				COPY_PHASE_STRIP = NO;
				DEBUG_INFORMATION_FORMAT = "dwarf-with-dsym";
				ENABLE_NS_ASSERTIONS = NO;
				ENABLE_STRICT_OBJC_MSGSEND = YES;
				ENABLE_USER_SCRIPT_SANDBOXING = YES;
				GCC_C_LANGUAGE_STANDARD = gnu17;
				GCC_NO_COMMON_BLOCKS = YES;
				GCC_WARN_64_TO_32_BIT_CONVERSION = YES;
				GCC_WARN_ABOUT_RETURN_TYPE = YES_ERROR;
				GCC_WARN_UNDECLARED_SELECTOR = YES;
				GCC_WARN_UNINITIALIZED_AUTOS = YES_AGGRESSIVE;
				GCC_WARN_UNUSED_FUNCTION = YES;
				GCC_WARN_UNUSED_VARIABLE = YES;
				IPHONEOS_DEPLOYMENT_TARGET = 17.5;
				LOCALIZATION_PREFERS_STRING_CATALOGS = YES;
				MTL_ENABLE_DEBUG_INFO = NO;
				MTL_FAST_MATH = YES;
				SDKROOT = iphoneos;
				SWIFT_COMPILATION_MODE = wholemodule;
				VALIDATE_PRODUCT = YES;
			};
			name = Release;
		};
		BF5568D42D35191E00DFA472 /* Debug */ = {
			isa = XCBuildConfiguration;
			buildSettings = {
				ASSETCATALOG_COMPILER_APPICON_NAME = AppIcon;
				ASSETCATALOG_COMPILER_GLOBAL_ACCENT_COLOR_NAME = AccentColor;
				CODE_SIGN_STYLE = Automatic;
				CURRENT_PROJECT_VERSION = 1;
				GENERATE_INFOPLIST_FILE = YES;
				INFOPLIST_FILE = Navigation/Info.plist;
				INFOPLIST_KEY_UIApplicationSupportsIndirectInputEvents = YES;
				INFOPLIST_KEY_UILaunchStoryboardName = LaunchScreen;
				INFOPLIST_KEY_UISupportedInterfaceOrientations_iPad = "UIInterfaceOrientationPortrait UIInterfaceOrientationPortraitUpsideDown UIInterfaceOrientationLandscapeLeft UIInterfaceOrientationLandscapeRight";
				INFOPLIST_KEY_UISupportedInterfaceOrientations_iPhone = "UIInterfaceOrientationPortrait UIInterfaceOrientationLandscapeLeft UIInterfaceOrientationLandscapeRight";
				LD_RUNPATH_SEARCH_PATHS = (
					"$(inherited)",
					"@executable_path/Frameworks",
				);
				MARKETING_VERSION = 1.0;
				PRODUCT_BUNDLE_IDENTIFIER = netology.Navigation;
				PRODUCT_NAME = "$(TARGET_NAME)";
				SWIFT_EMIT_LOC_STRINGS = YES;
				SWIFT_VERSION = 5.0;
				TARGETED_DEVICE_FAMILY = "1,2";
			};
			name = Debug;
		};
		BF5568D52D35191E00DFA472 /* Release */ = {
			isa = XCBuildConfiguration;
			buildSettings = {
				ASSETCATALOG_COMPILER_APPICON_NAME = AppIcon;
				ASSETCATALOG_COMPILER_GLOBAL_ACCENT_COLOR_NAME = AccentColor;
				CODE_SIGN_STYLE = Automatic;
				CURRENT_PROJECT_VERSION = 1;
				GENERATE_INFOPLIST_FILE = YES;
				INFOPLIST_FILE = Navigation/Info.plist;
				INFOPLIST_KEY_UIApplicationSupportsIndirectInputEvents = YES;
				INFOPLIST_KEY_UILaunchStoryboardName = LaunchScreen;
				INFOPLIST_KEY_UISupportedInterfaceOrientations_iPad = "UIInterfaceOrientationPortrait UIInterfaceOrientationPortraitUpsideDown UIInterfaceOrientationLandscapeLeft UIInterfaceOrientationLandscapeRight";
				INFOPLIST_KEY_UISupportedInterfaceOrientations_iPhone = "UIInterfaceOrientationPortrait UIInterfaceOrientationLandscapeLeft UIInterfaceOrientationLandscapeRight";
				LD_RUNPATH_SEARCH_PATHS = (
					"$(inherited)",
					"@executable_path/Frameworks",
				);
				MARKETING_VERSION = 1.0;
				PRODUCT_BUNDLE_IDENTIFIER = netology.Navigation;
				PRODUCT_NAME = "$(TARGET_NAME)";
				SWIFT_EMIT_LOC_STRINGS = YES;
				SWIFT_VERSION = 5.0;
				TARGETED_DEVICE_FAMILY = "1,2";
			};
			name = Release;
		};
		BFA356BD2D70719600E58C7A /* Debug */ = {
			isa = XCBuildConfiguration;
			buildSettings = {
				BUILD_LIBRARY_FOR_DISTRIBUTION = YES;
				CODE_SIGN_STYLE = Automatic;
				CURRENT_PROJECT_VERSION = 1;
				DEFINES_MODULE = YES;
				DYLIB_COMPATIBILITY_VERSION = 1;
				DYLIB_CURRENT_VERSION = 1;
				DYLIB_INSTALL_NAME_BASE = "@rpath";
				ENABLE_MODULE_VERIFIER = YES;
				GENERATE_INFOPLIST_FILE = YES;
				INFOPLIST_KEY_NSHumanReadableCopyright = "";
				INSTALL_PATH = "$(LOCAL_LIBRARY_DIR)/Frameworks";
				IPHONEOS_DEPLOYMENT_TARGET = 13.0;
				LD_RUNPATH_SEARCH_PATHS = (
					"$(inherited)",
					"@executable_path/Frameworks",
					"@loader_path/Frameworks",
				);
				MARKETING_VERSION = 1.0;
				MODULE_VERIFIER_SUPPORTED_LANGUAGES = "objective-c objective-c++";
				MODULE_VERIFIER_SUPPORTED_LANGUAGE_STANDARDS = "gnu17 gnu++20";
				PRODUCT_BUNDLE_IDENTIFIER = neto.StorageService;
				PRODUCT_NAME = "$(TARGET_NAME:c99extidentifier)";
				SKIP_INSTALL = YES;
				SUPPORTED_PLATFORMS = "iphoneos iphonesimulator";
				SUPPORTS_MACCATALYST = NO;
				SUPPORTS_MAC_DESIGNED_FOR_IPHONE_IPAD = NO;
				SUPPORTS_XR_DESIGNED_FOR_IPHONE_IPAD = NO;
				SWIFT_EMIT_LOC_STRINGS = YES;
				SWIFT_INSTALL_OBJC_HEADER = NO;
				SWIFT_VERSION = 5.0;
				TARGETED_DEVICE_FAMILY = 1;
				VERSIONING_SYSTEM = "apple-generic";
				VERSION_INFO_PREFIX = "";
			};
			name = Debug;
		};
		BFA356BE2D70719600E58C7A /* Release */ = {
			isa = XCBuildConfiguration;
			buildSettings = {
				BUILD_LIBRARY_FOR_DISTRIBUTION = YES;
				CODE_SIGN_STYLE = Automatic;
				CURRENT_PROJECT_VERSION = 1;
				DEFINES_MODULE = YES;
				DYLIB_COMPATIBILITY_VERSION = 1;
				DYLIB_CURRENT_VERSION = 1;
				DYLIB_INSTALL_NAME_BASE = "@rpath";
				ENABLE_MODULE_VERIFIER = YES;
				GENERATE_INFOPLIST_FILE = YES;
				INFOPLIST_KEY_NSHumanReadableCopyright = "";
				INSTALL_PATH = "$(LOCAL_LIBRARY_DIR)/Frameworks";
				IPHONEOS_DEPLOYMENT_TARGET = 13.0;
				LD_RUNPATH_SEARCH_PATHS = (
					"$(inherited)",
					"@executable_path/Frameworks",
					"@loader_path/Frameworks",
				);
				MARKETING_VERSION = 1.0;
				MODULE_VERIFIER_SUPPORTED_LANGUAGES = "objective-c objective-c++";
				MODULE_VERIFIER_SUPPORTED_LANGUAGE_STANDARDS = "gnu17 gnu++20";
				PRODUCT_BUNDLE_IDENTIFIER = neto.StorageService;
				PRODUCT_NAME = "$(TARGET_NAME:c99extidentifier)";
				SKIP_INSTALL = YES;
				SUPPORTED_PLATFORMS = "iphoneos iphonesimulator";
				SUPPORTS_MACCATALYST = NO;
				SUPPORTS_MAC_DESIGNED_FOR_IPHONE_IPAD = NO;
				SUPPORTS_XR_DESIGNED_FOR_IPHONE_IPAD = NO;
				SWIFT_EMIT_LOC_STRINGS = YES;
				SWIFT_INSTALL_OBJC_HEADER = NO;
				SWIFT_VERSION = 5.0;
				TARGETED_DEVICE_FAMILY = 1;
				VERSIONING_SYSTEM = "apple-generic";
				VERSION_INFO_PREFIX = "";
			};
			name = Release;
		};
/* End XCBuildConfiguration section */

/* Begin XCConfigurationList section */
		BF5568BA2D35191D00DFA472 /* Build configuration list for PBXProject "Navigation" */ = {
			isa = XCConfigurationList;
			buildConfigurations = (
				BF5568D12D35191E00DFA472 /* Debug */,
				BF5568D22D35191E00DFA472 /* Release */,
			);
			defaultConfigurationIsVisible = 0;
			defaultConfigurationName = Release;
		};
		BF5568D32D35191E00DFA472 /* Build configuration list for PBXNativeTarget "Navigation" */ = {
			isa = XCConfigurationList;
			buildConfigurations = (
				BF5568D42D35191E00DFA472 /* Debug */,
				BF5568D52D35191E00DFA472 /* Release */,
			);
			defaultConfigurationIsVisible = 0;
			defaultConfigurationName = Release;
		};
		BFA356BC2D70719600E58C7A /* Build configuration list for PBXNativeTarget "StorageService" */ = {
			isa = XCConfigurationList;
			buildConfigurations = (
				BFA356BD2D70719600E58C7A /* Debug */,
				BFA356BE2D70719600E58C7A /* Release */,
			);
			defaultConfigurationIsVisible = 0;
			defaultConfigurationName = Release;
		};
/* End XCConfigurationList section */
	};
	rootObject = BF5568B72D35191D00DFA472 /* Project object */;
}
